
Microsoft Visual Studio Solution File, Format Version 12.00
# Visual Studio Version 17
VisualStudioVersion = 17.0.31903.59
MinimumVisualStudioVersion = 10.0.40219.1
Project("{2150E333-8FDC-42A3-9474-1A3956D46DE8}") = "src", "src", "{2B3BFE92-E4F1-49F3-8AA2-A7D58C56DEE5}"
EndProject
Project("{9A19103F-16F7-4668-BE54-9A1E7A4F7556}") = "Blog.Api", "Blog.Api\Blog.Api.csproj", "{83F897EF-11D6-475A-B505-97C11E502F48}"
EndProject
Project("{9A19103F-16F7-4668-BE54-9A1E7A4F7556}") = "Blog.Core", "Blog.Core\Blog.Core.csproj", "{B04D5DF3-A28A-408E-A19D-AB3269A9386B}"
EndProject
Project("{9A19103F-16F7-4668-BE54-9A1E7A4F7556}") = "Blog.Application", "Blog.Application\Blog.Application.csproj", "{BAB08A77-FEEE-4305-9156-D27B9D281D6E}"
EndProject
Project("{FAE04EC0-301F-11D3-BF4B-00C04F79EFBC}") = "Blog.Anticorruption.Authentication", "Blog.Anticorruption.Authentication\Blog.Anticorruption.Authentication.csproj", "{8DE2E2A0-89E8-4A3A-A30E-4F74BA7CFA42}"
EndProject
Project("{FAE04EC0-301F-11D3-BF4B-00C04F79EFBC}") = "Blog.Infrastructure.Data.SqlServer", "Blog.Infrastructure.Data.SqlServer\Blog.Infrastructure.Data.SqlServer.csproj", "{ECA79D6D-8D4B-4B70-B1D9-2B98142E6E96}"
EndProject
Project("{2150E333-8FDC-42A3-9474-1A3956D46DE8}") = "5-Common", "5-Common", "{978C886A-3EF0-45D4-848A-2C7D81867C05}"
EndProject
Project("{2150E333-8FDC-42A3-9474-1A3956D46DE8}") = "3-Domain", "3-Domain", "{4294E496-C4E0-4F76-AE43-08128DFEB187}"
EndProject
Project("{2150E333-8FDC-42A3-9474-1A3956D46DE8}") = "4-Infrastructure", "4-Infrastructure", "{7B243AA6-E0B5-44C8-B8A4-D97D91D45009}"
EndProject
Project("{2150E333-8FDC-42A3-9474-1A3956D46DE8}") = "1-Presentation", "1-Presentation", "{1596030C-EBF7-4091-8F29-A1EBD31E0BC1}"
EndProject
Project("{2150E333-8FDC-42A3-9474-1A3956D46DE8}") = "Tests", "Tests", "{8EA27FE3-7160-40DA-B05F-702D88CC9754}"
EndProject
Project("{2150E333-8FDC-42A3-9474-1A3956D46DE8}") = "2-Application", "2-Application", "{FD1E5A75-807B-443C-AE6E-787E12A3A186}"
EndProject
Project("{FAE04EC0-301F-11D3-BF4B-00C04F79EFBC}") = "Blog.Common", "Blog.Common\Blog.Common.csproj", "{6438ADED-3EA7-4AD1-9F37-6D2C3902016E}"
EndProject
Project("{2150E333-8FDC-42A3-9474-1A3956D46DE8}") = "Anticorruption", "Anticorruption", "{F2EB5209-AB2E-42C0-B741-A7523E270AED}"
EndProject
Project("{2150E333-8FDC-42A3-9474-1A3956D46DE8}") = "Data", "Data", "{2109958B-60CB-42C6-9EE2-0A7DD0ECA7F8}"
EndProject
Global
	GlobalSection(SolutionConfigurationPlatforms) = preSolution
		Debug|Any CPU = Debug|Any CPU
		Release|Any CPU = Release|Any CPU
	EndGlobalSection
	GlobalSection(ProjectConfigurationPlatforms) = postSolution
		{83F897EF-11D6-475A-B505-97C11E502F48}.Debug|Any CPU.ActiveCfg = Debug|Any CPU
		{83F897EF-11D6-475A-B505-97C11E502F48}.Debug|Any CPU.Build.0 = Debug|Any CPU
		{83F897EF-11D6-475A-B505-97C11E502F48}.Release|Any CPU.ActiveCfg = Release|Any CPU
		{83F897EF-11D6-475A-B505-97C11E502F48}.Release|Any CPU.Build.0 = Release|Any CPU
		{B04D5DF3-A28A-408E-A19D-AB3269A9386B}.Debug|Any CPU.ActiveCfg = Debug|Any CPU
		{B04D5DF3-A28A-408E-A19D-AB3269A9386B}.Debug|Any CPU.Build.0 = Debug|Any CPU
		{B04D5DF3-A28A-408E-A19D-AB3269A9386B}.Release|Any CPU.ActiveCfg = Release|Any CPU
		{B04D5DF3-A28A-408E-A19D-AB3269A9386B}.Release|Any CPU.Build.0 = Release|Any CPU
		{BAB08A77-FEEE-4305-9156-D27B9D281D6E}.Debug|Any CPU.ActiveCfg = Debug|Any CPU
		{BAB08A77-FEEE-4305-9156-D27B9D281D6E}.Debug|Any CPU.Build.0 = Debug|Any CPU
		{BAB08A77-FEEE-4305-9156-D27B9D281D6E}.Release|Any CPU.ActiveCfg = Release|Any CPU
		{BAB08A77-FEEE-4305-9156-D27B9D281D6E}.Release|Any CPU.Build.0 = Release|Any CPU
		{8DE2E2A0-89E8-4A3A-A30E-4F74BA7CFA42}.Debug|Any CPU.ActiveCfg = Debug|Any CPU
		{8DE2E2A0-89E8-4A3A-A30E-4F74BA7CFA42}.Debug|Any CPU.Build.0 = Debug|Any CPU
		{8DE2E2A0-89E8-4A3A-A30E-4F74BA7CFA42}.Release|Any CPU.ActiveCfg = Release|Any CPU
		{8DE2E2A0-89E8-4A3A-A30E-4F74BA7CFA42}.Release|Any CPU.Build.0 = Release|Any CPU
		{ECA79D6D-8D4B-4B70-B1D9-2B98142E6E96}.Debug|Any CPU.ActiveCfg = Debug|Any CPU
		{ECA79D6D-8D4B-4B70-B1D9-2B98142E6E96}.Debug|Any CPU.Build.0 = Debug|Any CPU
		{ECA79D6D-8D4B-4B70-B1D9-2B98142E6E96}.Release|Any CPU.ActiveCfg = Release|Any CPU
		{ECA79D6D-8D4B-4B70-B1D9-2B98142E6E96}.Release|Any CPU.Build.0 = Release|Any CPU
		{6438ADED-3EA7-4AD1-9F37-6D2C3902016E}.Debug|Any CPU.ActiveCfg = Debug|Any CPU
		{6438ADED-3EA7-4AD1-9F37-6D2C3902016E}.Debug|Any CPU.Build.0 = Debug|Any CPU
		{6438ADED-3EA7-4AD1-9F37-6D2C3902016E}.Release|Any CPU.ActiveCfg = Release|Any CPU
		{6438ADED-3EA7-4AD1-9F37-6D2C3902016E}.Release|Any CPU.Build.0 = Release|Any CPU
	EndGlobalSection
	GlobalSection(SolutionProperties) = preSolution
		HideSolutionNode = FALSE
	EndGlobalSection
	GlobalSection(NestedProjects) = preSolution
		{83F897EF-11D6-475A-B505-97C11E502F48} = {1596030C-EBF7-4091-8F29-A1EBD31E0BC1}
		{B04D5DF3-A28A-408E-A19D-AB3269A9386B} = {4294E496-C4E0-4F76-AE43-08128DFEB187}
		{BAB08A77-FEEE-4305-9156-D27B9D281D6E} = {FD1E5A75-807B-443C-AE6E-787E12A3A186}
		{8DE2E2A0-89E8-4A3A-A30E-4F74BA7CFA42} = {F2EB5209-AB2E-42C0-B741-A7523E270AED}
		{ECA79D6D-8D4B-4B70-B1D9-2B98142E6E96} = {2109958B-60CB-42C6-9EE2-0A7DD0ECA7F8}
		{978C886A-3EF0-45D4-848A-2C7D81867C05} = {2B3BFE92-E4F1-49F3-8AA2-A7D58C56DEE5}
		{4294E496-C4E0-4F76-AE43-08128DFEB187} = {2B3BFE92-E4F1-49F3-8AA2-A7D58C56DEE5}
		{7B243AA6-E0B5-44C8-B8A4-D97D91D45009} = {2B3BFE92-E4F1-49F3-8AA2-A7D58C56DEE5}
		{1596030C-EBF7-4091-8F29-A1EBD31E0BC1} = {2B3BFE92-E4F1-49F3-8AA2-A7D58C56DEE5}
		{FD1E5A75-807B-443C-AE6E-787E12A3A186} = {2B3BFE92-E4F1-49F3-8AA2-A7D58C56DEE5}
		{6438ADED-3EA7-4AD1-9F37-6D2C3902016E} = {978C886A-3EF0-45D4-848A-2C7D81867C05}
		{F2EB5209-AB2E-42C0-B741-A7523E270AED} = {7B243AA6-E0B5-44C8-B8A4-D97D91D45009}
		{2109958B-60CB-42C6-9EE2-0A7DD0ECA7F8} = {7B243AA6-E0B5-44C8-B8A4-D97D91D45009}
	EndGlobalSection
	GlobalSection(ExtensibilityGlobals) = postSolution
		SolutionGuid = {DC9002D2-CDA8-427C-A690-D9850E64EB75}
	EndGlobalSection
EndGlobal
